
Microsoft Visual Studio Solution File, Format Version 12.00
# Visual Studio Version 17
VisualStudioVersion = 17.6.33815.320
MinimumVisualStudioVersion = 10.0.40219.1
Project("{9A19103F-16F7-4668-BE54-9A1E7A4F7556}") = "API", "API\API.csproj", "{48A5499D-8769-4A6E-9166-CDE2DB8883A0}"
EndProject
Project("{FAE04EC0-301F-11D3-BF4B-00C04F79EFBC}") = "Core", "Core\Core.csproj", "{42768B60-481F-42A4-9B01-FFF77B5B91FF}"
EndProject
Project("{FAE04EC0-301F-11D3-BF4B-00C04F79EFBC}") = "Infrastructure", "Infrastructure\Infrastructure.csproj", "{FA0A608B-82AD-4B68-9E8C-030607E98D19}"
EndProject
Global
	GlobalSection(SolutionConfigurationPlatforms) = preSolution
		Debug|Any CPU = Debug|Any CPU
		Release|Any CPU = Release|Any CPU
	EndGlobalSection
	GlobalSection(ProjectConfigurationPlatforms) = postSolution
		{48A5499D-8769-4A6E-9166-CDE2DB8883A0}.Debug|Any CPU.ActiveCfg = Debug|Any CPU
		{48A5499D-8769-4A6E-9166-CDE2DB8883A0}.Debug|Any CPU.Build.0 = Debug|Any CPU
		{48A5499D-8769-4A6E-9166-CDE2DB8883A0}.Release|Any CPU.ActiveCfg = Release|Any CPU
		{48A5499D-8769-4A6E-9166-CDE2DB8883A0}.Release|Any CPU.Build.0 = Release|Any CPU
		{42768B60-481F-42A4-9B01-FFF77B5B91FF}.Debug|Any CPU.ActiveCfg = Debug|Any CPU
		{42768B60-481F-42A4-9B01-FFF77B5B91FF}.Debug|Any CPU.Build.0 = Debug|Any CPU
		{42768B60-481F-42A4-9B01-FFF77B5B91FF}.Release|Any CPU.ActiveCfg = Release|Any CPU
		{42768B60-481F-42A4-9B01-FFF77B5B91FF}.Release|Any CPU.Build.0 = Release|Any CPU
		{FA0A608B-82AD-4B68-9E8C-030607E98D19}.Debug|Any CPU.ActiveCfg = Debug|Any CPU
		{FA0A608B-82AD-4B68-9E8C-030607E98D19}.Debug|Any CPU.Build.0 = Debug|Any CPU
		{FA0A608B-82AD-4B68-9E8C-030607E98D19}.Release|Any CPU.ActiveCfg = Release|Any CPU
		{FA0A608B-82AD-4B68-9E8C-030607E98D19}.Release|Any CPU.Build.0 = Release|Any CPU
	EndGlobalSection
	GlobalSection(SolutionProperties) = preSolution
		HideSolutionNode = FALSE
	EndGlobalSection
	GlobalSection(ExtensibilityGlobals) = postSolution
		SolutionGuid = {7DA7075E-5854-452A-BBDA-3EA53B0E4421}
	EndGlobalSection
EndGlobal
